
Microsoft Visual Studio Solution File, Format Version 12.00
# Visual Studio Version 17
VisualStudioVersion = 17.13.35828.75 d17.13
MinimumVisualStudioVersion = 10.0.40219.1
Project("{8BC9CEB8-8B4A-11D0-8D11-00A0C91BC942}") = "Tutoring POO", "Tutoring POO.vcxproj", "{DB95C5A7-1E00-4F1A-AA93-90A8F25C9874}"
EndProject
Global
	GlobalSection(SolutionConfigurationPlatforms) = preSolution
		Debug|x64 = Debug|x64
		Debug|x86 = Debug|x86
		Release|x64 = Release|x64
		Release|x86 = Release|x86
	EndGlobalSection
	GlobalSection(ProjectConfigurationPlatforms) = postSolution
		{DB95C5A7-1E00-4F1A-AA93-90A8F25C9874}.Debug|x64.ActiveCfg = Debug|x64
		{DB95C5A7-1E00-4F1A-AA93-90A8F25C9874}.Debug|x64.Build.0 = Debug|x64
		{DB95C5A7-1E00-4F1A-AA93-90A8F25C9874}.Debug|x86.ActiveCfg = Debug|Win32
		{DB95C5A7-1E00-4F1A-AA93-90A8F25C9874}.Debug|x86.Build.0 = Debug|Win32
		{DB95C5A7-1E00-4F1A-AA93-90A8F25C9874}.Release|x64.ActiveCfg = Release|x64
		{DB95C5A7-1E00-4F1A-AA93-90A8F25C9874}.Release|x64.Build.0 = Release|x64
		{DB95C5A7-1E00-4F1A-AA93-90A8F25C9874}.Release|x86.ActiveCfg = Release|Win32
		{DB95C5A7-1E00-4F1A-AA93-90A8F25C9874}.Release|x86.Build.0 = Release|Win32
	EndGlobalSection
	GlobalSection(SolutionProperties) = preSolution
		HideSolutionNode = FALSE
	EndGlobalSection
	GlobalSection(ExtensibilityGlobals) = postSolution
		SolutionGuid = {F55DE86C-B362-454F-8CA0-7A5765F8BC05}
	EndGlobalSection
EndGlobal
